
Microsoft Visual Studio Solution File, Format Version 12.00
# Visual Studio Version 16
VisualStudioVersion = 25.0.1704.4
MinimumVisualStudioVersion = 10.0.40219.1
Project("{FAE04EC0-301F-11D3-BF4B-00C04F79EFBC}") = "AllUpFinal", "AllUpFinal\AllUpFinal.csproj", "{1B9F1B26-D3D0-40E0-B15F-AD08D0A86F29}"
EndProject
Global
	GlobalSection(SolutionConfigurationPlatforms) = preSolution
		Debug|Any CPU = Debug|Any CPU
		Release|Any CPU = Release|Any CPU
	EndGlobalSection
	GlobalSection(ProjectConfigurationPlatforms) = postSolution
		{1B9F1B26-D3D0-40E0-B15F-AD08D0A86F29}.Debug|Any CPU.ActiveCfg = Debug|Any CPU
		{1B9F1B26-D3D0-40E0-B15F-AD08D0A86F29}.Debug|Any CPU.Build.0 = Debug|Any CPU
		{1B9F1B26-D3D0-40E0-B15F-AD08D0A86F29}.Release|Any CPU.ActiveCfg = Release|Any CPU
		{1B9F1B26-D3D0-40E0-B15F-AD08D0A86F29}.Release|Any CPU.Build.0 = Release|Any CPU
	EndGlobalSection
	GlobalSection(SolutionProperties) = preSolution
		HideSolutionNode = FALSE
	EndGlobalSection
	GlobalSection(ExtensibilityGlobals) = postSolution
		SolutionGuid = {5EFA6270-733A-4DFF-A9D6-3527E02C340D}
	EndGlobalSection
EndGlobal
